
Microsoft Visual Studio Solution File, Format Version 12.00
# Visual Studio 15
VisualStudioVersion = 15.0.26124.0
MinimumVisualStudioVersion = 15.0.26124.0
Project("{FAE04EC0-301F-11D3-BF4B-00C04F79EFBC}") = "ToHUI", "ToHUI\ToHUI.csproj", "{6EF2B027-9C4B-45E7-B4F3-CBA1BE99ADD4}"
EndProject
Project("{FAE04EC0-301F-11D3-BF4B-00C04F79EFBC}") = "ToHModels", "ToHModels\ToHModels.csproj", "{A854ED53-4BA0-4EA0-91B1-757306AD657D}"
EndProject
Project("{FAE04EC0-301F-11D3-BF4B-00C04F79EFBC}") = "ToHBL", "ToHBL\ToHBL.csproj", "{FCD31A29-67E8-4327-BDB0-B1D52DCA37A8}"
EndProject
Project("{FAE04EC0-301F-11D3-BF4B-00C04F79EFBC}") = "ToHDL", "ToHDL\ToHDL.csproj", "{DC8EC895-8CC9-4E16-B8B9-5309AD71EDAE}"
EndProject
Project("{FAE04EC0-301F-11D3-BF4B-00C04F79EFBC}") = "ToHTests", "ToHTests\ToHTests.csproj", "{792B4F4C-98EE-46F3-A675-DA3A6FE69396}"
EndProject
Global
	GlobalSection(SolutionConfigurationPlatforms) = preSolution
		Debug|Any CPU = Debug|Any CPU
		Debug|x64 = Debug|x64
		Debug|x86 = Debug|x86
		Release|Any CPU = Release|Any CPU
		Release|x64 = Release|x64
		Release|x86 = Release|x86
	EndGlobalSection
	GlobalSection(SolutionProperties) = preSolution
		HideSolutionNode = FALSE
	EndGlobalSection
	GlobalSection(ProjectConfigurationPlatforms) = postSolution
		{6EF2B027-9C4B-45E7-B4F3-CBA1BE99ADD4}.Debug|Any CPU.ActiveCfg = Debug|Any CPU
		{6EF2B027-9C4B-45E7-B4F3-CBA1BE99ADD4}.Debug|Any CPU.Build.0 = Debug|Any CPU
		{6EF2B027-9C4B-45E7-B4F3-CBA1BE99ADD4}.Debug|x64.ActiveCfg = Debug|Any CPU
		{6EF2B027-9C4B-45E7-B4F3-CBA1BE99ADD4}.Debug|x64.Build.0 = Debug|Any CPU
		{6EF2B027-9C4B-45E7-B4F3-CBA1BE99ADD4}.Debug|x86.ActiveCfg = Debug|Any CPU
		{6EF2B027-9C4B-45E7-B4F3-CBA1BE99ADD4}.Debug|x86.Build.0 = Debug|Any CPU
		{6EF2B027-9C4B-45E7-B4F3-CBA1BE99ADD4}.Release|Any CPU.ActiveCfg = Release|Any CPU
		{6EF2B027-9C4B-45E7-B4F3-CBA1BE99ADD4}.Release|Any CPU.Build.0 = Release|Any CPU
		{6EF2B027-9C4B-45E7-B4F3-CBA1BE99ADD4}.Release|x64.ActiveCfg = Release|Any CPU
		{6EF2B027-9C4B-45E7-B4F3-CBA1BE99ADD4}.Release|x64.Build.0 = Release|Any CPU
		{6EF2B027-9C4B-45E7-B4F3-CBA1BE99ADD4}.Release|x86.ActiveCfg = Release|Any CPU
		{6EF2B027-9C4B-45E7-B4F3-CBA1BE99ADD4}.Release|x86.Build.0 = Release|Any CPU
		{A854ED53-4BA0-4EA0-91B1-757306AD657D}.Debug|Any CPU.ActiveCfg = Debug|Any CPU
		{A854ED53-4BA0-4EA0-91B1-757306AD657D}.Debug|Any CPU.Build.0 = Debug|Any CPU
		{A854ED53-4BA0-4EA0-91B1-757306AD657D}.Debug|x64.ActiveCfg = Debug|Any CPU
		{A854ED53-4BA0-4EA0-91B1-757306AD657D}.Debug|x64.Build.0 = Debug|Any CPU
		{A854ED53-4BA0-4EA0-91B1-757306AD657D}.Debug|x86.ActiveCfg = Debug|Any CPU
		{A854ED53-4BA0-4EA0-91B1-757306AD657D}.Debug|x86.Build.0 = Debug|Any CPU
		{A854ED53-4BA0-4EA0-91B1-757306AD657D}.Release|Any CPU.ActiveCfg = Release|Any CPU
		{A854ED53-4BA0-4EA0-91B1-757306AD657D}.Release|Any CPU.Build.0 = Release|Any CPU
		{A854ED53-4BA0-4EA0-91B1-757306AD657D}.Release|x64.ActiveCfg = Release|Any CPU
		{A854ED53-4BA0-4EA0-91B1-757306AD657D}.Release|x64.Build.0 = Release|Any CPU
		{A854ED53-4BA0-4EA0-91B1-757306AD657D}.Release|x86.ActiveCfg = Release|Any CPU
		{A854ED53-4BA0-4EA0-91B1-757306AD657D}.Release|x86.Build.0 = Release|Any CPU
		{FCD31A29-67E8-4327-BDB0-B1D52DCA37A8}.Debug|Any CPU.ActiveCfg = Debug|Any CPU
		{FCD31A29-67E8-4327-BDB0-B1D52DCA37A8}.Debug|Any CPU.Build.0 = Debug|Any CPU
		{FCD31A29-67E8-4327-BDB0-B1D52DCA37A8}.Debug|x64.ActiveCfg = Debug|Any CPU
		{FCD31A29-67E8-4327-BDB0-B1D52DCA37A8}.Debug|x64.Build.0 = Debug|Any CPU
		{FCD31A29-67E8-4327-BDB0-B1D52DCA37A8}.Debug|x86.ActiveCfg = Debug|Any CPU
		{FCD31A29-67E8-4327-BDB0-B1D52DCA37A8}.Debug|x86.Build.0 = Debug|Any CPU
		{FCD31A29-67E8-4327-BDB0-B1D52DCA37A8}.Release|Any CPU.ActiveCfg = Release|Any CPU
		{FCD31A29-67E8-4327-BDB0-B1D52DCA37A8}.Release|Any CPU.Build.0 = Release|Any CPU
		{FCD31A29-67E8-4327-BDB0-B1D52DCA37A8}.Release|x64.ActiveCfg = Release|Any CPU
		{FCD31A29-67E8-4327-BDB0-B1D52DCA37A8}.Release|x64.Build.0 = Release|Any CPU
		{FCD31A29-67E8-4327-BDB0-B1D52DCA37A8}.Release|x86.ActiveCfg = Release|Any CPU
		{FCD31A29-67E8-4327-BDB0-B1D52DCA37A8}.Release|x86.Build.0 = Release|Any CPU
		{DC8EC895-8CC9-4E16-B8B9-5309AD71EDAE}.Debug|Any CPU.ActiveCfg = Debug|Any CPU
		{DC8EC895-8CC9-4E16-B8B9-5309AD71EDAE}.Debug|Any CPU.Build.0 = Debug|Any CPU
		{DC8EC895-8CC9-4E16-B8B9-5309AD71EDAE}.Debug|x64.ActiveCfg = Debug|Any CPU
		{DC8EC895-8CC9-4E16-B8B9-5309AD71EDAE}.Debug|x64.Build.0 = Debug|Any CPU
		{DC8EC895-8CC9-4E16-B8B9-5309AD71EDAE}.Debug|x86.ActiveCfg = Debug|Any CPU
		{DC8EC895-8CC9-4E16-B8B9-5309AD71EDAE}.Debug|x86.Build.0 = Debug|Any CPU
		{DC8EC895-8CC9-4E16-B8B9-5309AD71EDAE}.Release|Any CPU.ActiveCfg = Release|Any CPU
		{DC8EC895-8CC9-4E16-B8B9-5309AD71EDAE}.Release|Any CPU.Build.0 = Release|Any CPU
		{DC8EC895-8CC9-4E16-B8B9-5309AD71EDAE}.Release|x64.ActiveCfg = Release|Any CPU
		{DC8EC895-8CC9-4E16-B8B9-5309AD71EDAE}.Release|x64.Build.0 = Release|Any CPU
		{DC8EC895-8CC9-4E16-B8B9-5309AD71EDAE}.Release|x86.ActiveCfg = Release|Any CPU
		{DC8EC895-8CC9-4E16-B8B9-5309AD71EDAE}.Release|x86.Build.0 = Release|Any CPU
		{792B4F4C-98EE-46F3-A675-DA3A6FE69396}.Debug|Any CPU.ActiveCfg = Debug|Any CPU
		{792B4F4C-98EE-46F3-A675-DA3A6FE69396}.Debug|Any CPU.Build.0 = Debug|Any CPU
		{792B4F4C-98EE-46F3-A675-DA3A6FE69396}.Debug|x64.ActiveCfg = Debug|Any CPU
		{792B4F4C-98EE-46F3-A675-DA3A6FE69396}.Debug|x64.Build.0 = Debug|Any CPU
		{792B4F4C-98EE-46F3-A675-DA3A6FE69396}.Debug|x86.ActiveCfg = Debug|Any CPU
		{792B4F4C-98EE-46F3-A675-DA3A6FE69396}.Debug|x86.Build.0 = Debug|Any CPU
		{792B4F4C-98EE-46F3-A675-DA3A6FE69396}.Release|Any CPU.ActiveCfg = Release|Any CPU
		{792B4F4C-98EE-46F3-A675-DA3A6FE69396}.Release|Any CPU.Build.0 = Release|Any CPU
		{792B4F4C-98EE-46F3-A675-DA3A6FE69396}.Release|x64.ActiveCfg = Release|Any CPU
		{792B4F4C-98EE-46F3-A675-DA3A6FE69396}.Release|x64.Build.0 = Release|Any CPU
		{792B4F4C-98EE-46F3-A675-DA3A6FE69396}.Release|x86.ActiveCfg = Release|Any CPU
		{792B4F4C-98EE-46F3-A675-DA3A6FE69396}.Release|x86.Build.0 = Release|Any CPU
	EndGlobalSection
EndGlobal
