
Microsoft Visual Studio Solution File, Format Version 12.00
# Visual Studio 15
VisualStudioVersion = 15.0.26124.0
MinimumVisualStudioVersion = 15.0.26124.0
Project("{FAE04EC0-301F-11D3-BF4B-00C04F79EFBC}") = "CalulatorTests", "CalulatorTests\CalulatorTests.csproj", "{04231491-9DC7-44EE-8202-B1B797A0C12E}"
EndProject
Project("{FAE04EC0-301F-11D3-BF4B-00C04F79EFBC}") = "CalulatorUnitTesting", "CalulatorUnitTesting\CalulatorUnitTesting.csproj", "{0A8E00D6-BC0A-48DA-AB87-1BD12124D66D}"
EndProject
Global
	GlobalSection(SolutionConfigurationPlatforms) = preSolution
		Debug|Any CPU = Debug|Any CPU
		Debug|x64 = Debug|x64
		Debug|x86 = Debug|x86
		Release|Any CPU = Release|Any CPU
		Release|x64 = Release|x64
		Release|x86 = Release|x86
	EndGlobalSection
	GlobalSection(SolutionProperties) = preSolution
		HideSolutionNode = FALSE
	EndGlobalSection
	GlobalSection(ProjectConfigurationPlatforms) = postSolution
		{04231491-9DC7-44EE-8202-B1B797A0C12E}.Debug|Any CPU.ActiveCfg = Debug|Any CPU
		{04231491-9DC7-44EE-8202-B1B797A0C12E}.Debug|Any CPU.Build.0 = Debug|Any CPU
		{04231491-9DC7-44EE-8202-B1B797A0C12E}.Debug|x64.ActiveCfg = Debug|Any CPU
		{04231491-9DC7-44EE-8202-B1B797A0C12E}.Debug|x64.Build.0 = Debug|Any CPU
		{04231491-9DC7-44EE-8202-B1B797A0C12E}.Debug|x86.ActiveCfg = Debug|Any CPU
		{04231491-9DC7-44EE-8202-B1B797A0C12E}.Debug|x86.Build.0 = Debug|Any CPU
		{04231491-9DC7-44EE-8202-B1B797A0C12E}.Release|Any CPU.ActiveCfg = Release|Any CPU
		{04231491-9DC7-44EE-8202-B1B797A0C12E}.Release|Any CPU.Build.0 = Release|Any CPU
		{04231491-9DC7-44EE-8202-B1B797A0C12E}.Release|x64.ActiveCfg = Release|Any CPU
		{04231491-9DC7-44EE-8202-B1B797A0C12E}.Release|x64.Build.0 = Release|Any CPU
		{04231491-9DC7-44EE-8202-B1B797A0C12E}.Release|x86.ActiveCfg = Release|Any CPU
		{04231491-9DC7-44EE-8202-B1B797A0C12E}.Release|x86.Build.0 = Release|Any CPU
		{0A8E00D6-BC0A-48DA-AB87-1BD12124D66D}.Debug|Any CPU.ActiveCfg = Debug|Any CPU
		{0A8E00D6-BC0A-48DA-AB87-1BD12124D66D}.Debug|Any CPU.Build.0 = Debug|Any CPU
		{0A8E00D6-BC0A-48DA-AB87-1BD12124D66D}.Debug|x64.ActiveCfg = Debug|Any CPU
		{0A8E00D6-BC0A-48DA-AB87-1BD12124D66D}.Debug|x64.Build.0 = Debug|Any CPU
		{0A8E00D6-BC0A-48DA-AB87-1BD12124D66D}.Debug|x86.ActiveCfg = Debug|Any CPU
		{0A8E00D6-BC0A-48DA-AB87-1BD12124D66D}.Debug|x86.Build.0 = Debug|Any CPU
		{0A8E00D6-BC0A-48DA-AB87-1BD12124D66D}.Release|Any CPU.ActiveCfg = Release|Any CPU
		{0A8E00D6-BC0A-48DA-AB87-1BD12124D66D}.Release|Any CPU.Build.0 = Release|Any CPU
		{0A8E00D6-BC0A-48DA-AB87-1BD12124D66D}.Release|x64.ActiveCfg = Release|Any CPU
		{0A8E00D6-BC0A-48DA-AB87-1BD12124D66D}.Release|x64.Build.0 = Release|Any CPU
		{0A8E00D6-BC0A-48DA-AB87-1BD12124D66D}.Release|x86.ActiveCfg = Release|Any CPU
		{0A8E00D6-BC0A-48DA-AB87-1BD12124D66D}.Release|x86.Build.0 = Release|Any CPU
	EndGlobalSection
EndGlobal
